
Microsoft Visual Studio Solution File, Format Version 12.00
# Visual Studio Version 16
VisualStudioVersion = 16.0.29721.120
MinimumVisualStudioVersion = 10.0.40219.1
Project("{FAE04EC0-301F-11D3-BF4B-00C04F79EFBC}") = "PipelineBehaviorMediatrExample.Api", "PipelineBehaviorMediatrExample.Api\PipelineBehaviorMediatrExample.Api.csproj", "{7D2AC6C1-E41B-4BB5-B0A4-20E72E358250}"
EndProject
Project("{FAE04EC0-301F-11D3-BF4B-00C04F79EFBC}") = "PipelineBehaviorMediatrExample.Application", "PipelineBehaviorMediatrExample.Application\PipelineBehaviorMediatrExample.Application.csproj", "{04D47374-4D50-4E86-B4DC-6F8367DC65EB}"
EndProject
Project("{FAE04EC0-301F-11D3-BF4B-00C04F79EFBC}") = "PipelineBehaviorMediatrExample.Domain", "PipelineBehaviorMediatrExample.Domain\PipelineBehaviorMediatrExample.Domain.csproj", "{284108D2-35DE-43F0-9446-EFA51E4B917A}"
EndProject
Project("{FAE04EC0-301F-11D3-BF4B-00C04F79EFBC}") = "PipelineBehaviorMediatrExample.Infra", "PipelineBehaviorMediatrExample.Infra\PipelineBehaviorMediatrExample.Infra.csproj", "{8A39F97E-A9C0-4BB6-8526-D8B5DBC62F57}"
EndProject
Global
	GlobalSection(SolutionConfigurationPlatforms) = preSolution
		Debug|Any CPU = Debug|Any CPU
		Release|Any CPU = Release|Any CPU
	EndGlobalSection
	GlobalSection(ProjectConfigurationPlatforms) = postSolution
		{7D2AC6C1-E41B-4BB5-B0A4-20E72E358250}.Debug|Any CPU.ActiveCfg = Debug|Any CPU
		{7D2AC6C1-E41B-4BB5-B0A4-20E72E358250}.Debug|Any CPU.Build.0 = Debug|Any CPU
		{7D2AC6C1-E41B-4BB5-B0A4-20E72E358250}.Release|Any CPU.ActiveCfg = Release|Any CPU
		{7D2AC6C1-E41B-4BB5-B0A4-20E72E358250}.Release|Any CPU.Build.0 = Release|Any CPU
		{04D47374-4D50-4E86-B4DC-6F8367DC65EB}.Debug|Any CPU.ActiveCfg = Debug|Any CPU
		{04D47374-4D50-4E86-B4DC-6F8367DC65EB}.Debug|Any CPU.Build.0 = Debug|Any CPU
		{04D47374-4D50-4E86-B4DC-6F8367DC65EB}.Release|Any CPU.ActiveCfg = Release|Any CPU
		{04D47374-4D50-4E86-B4DC-6F8367DC65EB}.Release|Any CPU.Build.0 = Release|Any CPU
		{284108D2-35DE-43F0-9446-EFA51E4B917A}.Debug|Any CPU.ActiveCfg = Debug|Any CPU
		{284108D2-35DE-43F0-9446-EFA51E4B917A}.Debug|Any CPU.Build.0 = Debug|Any CPU
		{284108D2-35DE-43F0-9446-EFA51E4B917A}.Release|Any CPU.ActiveCfg = Release|Any CPU
		{284108D2-35DE-43F0-9446-EFA51E4B917A}.Release|Any CPU.Build.0 = Release|Any CPU
		{8A39F97E-A9C0-4BB6-8526-D8B5DBC62F57}.Debug|Any CPU.ActiveCfg = Debug|Any CPU
		{8A39F97E-A9C0-4BB6-8526-D8B5DBC62F57}.Debug|Any CPU.Build.0 = Debug|Any CPU
		{8A39F97E-A9C0-4BB6-8526-D8B5DBC62F57}.Release|Any CPU.ActiveCfg = Release|Any CPU
		{8A39F97E-A9C0-4BB6-8526-D8B5DBC62F57}.Release|Any CPU.Build.0 = Release|Any CPU
	EndGlobalSection
	GlobalSection(SolutionProperties) = preSolution
		HideSolutionNode = FALSE
	EndGlobalSection
	GlobalSection(ExtensibilityGlobals) = postSolution
		SolutionGuid = {0CF7309B-E676-4553-B2A3-913AE6BD0CA5}
	EndGlobalSection
EndGlobal
